// !$*UTF8*$!
{
	archiveVersion = 1;
	classes = {
	};
	objectVersion = 56;
	objects = {

/* Begin PBXBuildFile section */
		A00000000000000000000001 /* VideoArchiveCompressorApp.swift in Sources */ = {isa = PBXBuildFile; fileRef = B00000000000000000000001 /* VideoArchiveCompressorApp.swift */; };
		A00000000000000000000002 /* Models.swift in Sources */ = {isa = PBXBuildFile; fileRef = B00000000000000000000002 /* Models.swift */; };
		A00000000000000000000003 /* MediaScanner.swift in Sources */ = {isa = PBXBuildFile; fileRef = B00000000000000000000003 /* MediaScanner.swift */; };
		A00000000000000000000004 /* MediaCompressor.swift in Sources */ = {isa = PBXBuildFile; fileRef = B00000000000000000000004 /* MediaCompressor.swift */; };
		A00000000000000000000005 /* ArchiveViewModel.swift in Sources */ = {isa = PBXBuildFile; fileRef = B00000000000000000000005 /* ArchiveViewModel.swift */; };
		A00000000000000000000006 /* ContentView.swift in Sources */ = {isa = PBXBuildFile; fileRef = B00000000000000000000006 /* ContentView.swift */; };
/* End PBXBuildFile section */

/* Begin PBXFileReference section */
		B00000000000000000000001 /* VideoArchiveCompressorApp.swift */ = {isa = PBXFileReference; lastKnownFileType = sourcecode.swift; path = VideoArchiveCompressorApp.swift; sourceTree = "<group>"; };
		B00000000000000000000002 /* Models.swift */ = {isa = PBXFileReference; lastKnownFileType = sourcecode.swift; path = Models.swift; sourceTree = "<group>"; };
		B00000000000000000000003 /* MediaScanner.swift */ = {isa = PBXFileReference; lastKnownFileType = sourcecode.swift; path = MediaScanner.swift; sourceTree = "<group>"; };
		B00000000000000000000004 /* MediaCompressor.swift */ = {isa = PBXFileReference; lastKnownFileType = sourcecode.swift; path = MediaCompressor.swift; sourceTree = "<group>"; };
		B00000000000000000000005 /* ArchiveViewModel.swift */ = {isa = PBXFileReference; lastKnownFileType = sourcecode.swift; path = ArchiveViewModel.swift; sourceTree = "<group>"; };
		B00000000000000000000006 /* ContentView.swift */ = {isa = PBXFileReference; lastKnownFileType = sourcecode.swift; path = ContentView.swift; sourceTree = "<group>"; };
		B00000000000000000000007 /* Video Archive Compressor.app */ = {isa = PBXFileReference; explicitFileType = wrapper.application; includeInIndex = 0; path = "Video Archive Compressor.app"; sourceTree = BUILT_PRODUCTS_DIR; };
/* End PBXFileReference section */

/* Begin PBXFrameworksBuildPhase section */
		C00000000000000000000001 /* Frameworks */ = {
			isa = PBXFrameworksBuildPhase;
			buildActionMask = 2147483647;
			files = (
			);
			runOnlyForDeploymentPostprocessing = 0;
		};
/* End PBXFrameworksBuildPhase section */

/* Begin PBXGroup section */
		D00000000000000000000001 = {
			isa = PBXGroup;
			children = (
				D00000000000000000000002 /* VideoArchiveCompressor */,
				D00000000000000000000003 /* Products */,
			);
			sourceTree = "<group>";
		};
		D00000000000000000000002 /* VideoArchiveCompressor */ = {
			isa = PBXGroup;
			children = (
				B00000000000000000000001 /* VideoArchiveCompressorApp.swift */,
				B00000000000000000000002 /* Models.swift */,
				B00000000000000000000003 /* MediaScanner.swift */,
				B00000000000000000000004 /* MediaCompressor.swift */,
				B00000000000000000000005 /* ArchiveViewModel.swift */,
				B00000000000000000000006 /* ContentView.swift */,
			);
			path = VideoArchiveCompressor;
			sourceTree = "<group>";
		};
		D00000000000000000000003 /* Products */ = {
			isa = PBXGroup;
			children = (
				B00000000000000000000007 /* Video Archive Compressor.app */,
			);
			name = Products;
			sourceTree = "<group>";
		};
/* End PBXGroup section */

/* Begin PBXNativeTarget section */
		E00000000000000000000001 /* VideoArchiveCompressor */ = {
			isa = PBXNativeTarget;
			buildConfigurationList = F00000000000000000000002 /* Build configuration list for PBXNativeTarget "VideoArchiveCompressor" */;
			buildPhases = (
				C00000000000000000000002 /* Sources */,
				C00000000000000000000001 /* Frameworks */,
				C00000000000000000000003 /* Resources */,
			);
			buildRules = (
			);
			dependencies = (
			);
			name = VideoArchiveCompressor;
			productName = "Video Archive Compressor";
			productReference = B00000000000000000000007 /* Video Archive Compressor.app */;
			productType = "com.apple.product-type.application";
		};
/* End PBXNativeTarget section */

/* Begin PBXProject section */
		E00000000000000000000002 /* Project object */ = {
			isa = PBXProject;
			attributes = {
				BuildIndependentTargetsInParallel = 1;
				LastSwiftUpdateCheck = 1600;
				LastUpgradeCheck = 1600;
				TargetAttributes = {
					E00000000000000000000001 = {
						CreatedOnToolsVersion = 16.0;
					};
				};
			};
			buildConfigurationList = F00000000000000000000001 /* Build configuration list for PBXProject "VideoArchiveCompressor" */;
			compatibilityVersion = "Xcode 14.0";
			developmentRegion = en;
			hasScannedForEncodings = 0;
			knownRegions = (
				en,
				Base,
			);
			mainGroup = D00000000000000000000001;
			productRefGroup = D00000000000000000000003 /* Products */;
			projectDirPath = "";
			projectRoot = "";
			targets = (
				E00000000000000000000001 /* VideoArchiveCompressor */,
			);
		};
/* End PBXProject section */

/* Begin PBXResourcesBuildPhase section */
		C00000000000000000000003 /* Resources */ = {
			isa = PBXResourcesBuildPhase;
			buildActionMask = 2147483647;
			files = (
			);
			runOnlyForDeploymentPostprocessing = 0;
		};
/* End PBXResourcesBuildPhase section */

/* Begin PBXSourcesBuildPhase section */
		C00000000000000000000002 /* Sources */ = {
			isa = PBXSourcesBuildPhase;
			buildActionMask = 2147483647;
			files = (
				A00000000000000000000001 /* VideoArchiveCompressorApp.swift in Sources */,
				A00000000000000000000002 /* Models.swift in Sources */,
				A00000000000000000000003 /* MediaScanner.swift in Sources */,
				A00000000000000000000004 /* MediaCompressor.swift in Sources */,
				A00000000000000000000005 /* ArchiveViewModel.swift in Sources */,
				A00000000000000000000006 /* ContentView.swift in Sources */,
			);
			runOnlyForDeploymentPostprocessing = 0;
		};
/* End PBXSourcesBuildPhase section */

/* Begin XCBuildConfiguration section */
		G00000000000000000000001 /* Debug */ = {
			isa = XCBuildConfiguration;
			buildSettings = {
				ALWAYS_SEARCH_USER_PATHS = NO;
				CLANG_ENABLE_MODULES = YES;
				CODE_SIGN_STYLE = Automatic;
				CURRENT_PROJECT_VERSION = 1;
				DEVELOPMENT_TEAM = "";
				ENABLE_APP_SANDBOX = NO;
				ENABLE_HARDENED_RUNTIME = NO;
				GENERATE_INFOPLIST_FILE = YES;
				INFOPLIST_KEY_CFBundleDisplayName = "Video Archive Compressor";
				INFOPLIST_KEY_LSApplicationCategoryType = "public.app-category.video";
				MACOSX_DEPLOYMENT_TARGET = 13.0;
				MARKETING_VERSION = 1.0;
				PRODUCT_BUNDLE_IDENTIFIER = nl.maarten.videoarchivecompressor;
				PRODUCT_NAME = "Video Archive Compressor";
				SWIFT_EMIT_LOC_STRINGS = YES;
				SWIFT_VERSION = 5.0;
			};
			name = Debug;
		};
		G00000000000000000000002 /* Release */ = {
			isa = XCBuildConfiguration;
			buildSettings = {
				ALWAYS_SEARCH_USER_PATHS = NO;
				CLANG_ENABLE_MODULES = YES;
				CODE_SIGN_STYLE = Automatic;
				CURRENT_PROJECT_VERSION = 1;
				DEVELOPMENT_TEAM = "";
				ENABLE_APP_SANDBOX = NO;
				ENABLE_HARDENED_RUNTIME = NO;
				GENERATE_INFOPLIST_FILE = YES;
				INFOPLIST_KEY_CFBundleDisplayName = "Video Archive Compressor";
				INFOPLIST_KEY_LSApplicationCategoryType = "public.app-category.video";
				MACOSX_DEPLOYMENT_TARGET = 13.0;
				MARKETING_VERSION = 1.0;
				PRODUCT_BUNDLE_IDENTIFIER = nl.maarten.videoarchivecompressor;
				PRODUCT_NAME = "Video Archive Compressor";
				SWIFT_COMPILATION_MODE = wholemodule;
				SWIFT_OPTIMIZATION_LEVEL = "-O";
				SWIFT_VERSION = 5.0;
			};
			name = Release;
		};
		G00000000000000000000003 /* Debug */ = {
			isa = XCBuildConfiguration;
			buildSettings = {
				CLANG_ENABLE_MODULES = YES;
				MACOSX_DEPLOYMENT_TARGET = 13.0;
				SDKROOT = macosx;
				SWIFT_VERSION = 5.0;
			};
			name = Debug;
		};
		G00000000000000000000004 /* Release */ = {
			isa = XCBuildConfiguration;
			buildSettings = {
				CLANG_ENABLE_MODULES = YES;
				MACOSX_DEPLOYMENT_TARGET = 13.0;
				SDKROOT = macosx;
				SWIFT_VERSION = 5.0;
			};
			name = Release;
		};
/* End XCBuildConfiguration section */

/* Begin XCConfigurationList section */
		F00000000000000000000001 /* Build configuration list for PBXProject "VideoArchiveCompressor" */ = {
			isa = XCConfigurationList;
			buildConfigurations = (
				G00000000000000000000003 /* Debug */,
				G00000000000000000000004 /* Release */,
			);
			defaultConfigurationIsVisible = 0;
			defaultConfigurationName = Release;
		};
		F00000000000000000000002 /* Build configuration list for PBXNativeTarget "VideoArchiveCompressor" */ = {
			isa = XCConfigurationList;
			buildConfigurations = (
				G00000000000000000000001 /* Debug */,
				G00000000000000000000002 /* Release */,
			);
			defaultConfigurationIsVisible = 0;
			defaultConfigurationName = Release;
		};
/* End XCConfigurationList section */
	};
	rootObject = E00000000000000000000002 /* Project object */;
}
